// !$*UTF8*$!
{
	archiveVersion = 1;
	classes = {
	};
	objectVersion = 46;
	objects = {

/* Begin PBXBuildFile section */
		4101F5061ABC688000CC31DD /* ZTRecordingFrameView.m in Sources */ = {isa = PBXBuildFile; fileRef = 4101F5051ABC688000CC31DD /* ZTRecordingFrameView.m */; };
		410BB4791AC03B8200C05BDD /* AudioSessionRouter.m in Sources */ = {isa = PBXBuildFile; fileRef = 410BB4781AC03B8200C05BDD /* AudioSessionRouter.m */; };
		410BB47B1AC03BA300C05BDD /* AudioToolbox.framework in Frameworks */ = {isa = PBXBuildFile; fileRef = 410BB47A1AC03BA300C05BDD /* AudioToolbox.framework */; };
		411126361ABB7A2200F3D290 /* AVFoundation.framework in Frameworks */ = {isa = PBXBuildFile; fileRef = 411126351ABB7A2200F3D290 /* AVFoundation.framework */; };
		411126381ABB7A2600F3D290 /* AssetsLibrary.framework in Frameworks */ = {isa = PBXBuildFile; fileRef = 411126371ABB7A2600F3D290 /* AssetsLibrary.framework */; };
		41F7FF5A1ABB10A700CA7390 /* main.m in Sources */ = {isa = PBXBuildFile; fileRef = 41F7FF591ABB10A700CA7390 /* main.m */; };
		41F7FF5D1ABB10A700CA7390 /* AppDelegate.m in Sources */ = {isa = PBXBuildFile; fileRef = 41F7FF5C1ABB10A700CA7390 /* AppDelegate.m */; };
		41F7FF601ABB10A700CA7390 /* ViewController.m in Sources */ = {isa = PBXBuildFile; fileRef = 41F7FF5F1ABB10A700CA7390 /* ViewController.m */; };
		41F7FF631ABB10A700CA7390 /* Main.storyboard in Resources */ = {isa = PBXBuildFile; fileRef = 41F7FF611ABB10A700CA7390 /* Main.storyboard */; };
		41F7FF651ABB10A700CA7390 /* Images.xcassets in Resources */ = {isa = PBXBuildFile; fileRef = 41F7FF641ABB10A700CA7390 /* Images.xcassets */; };
		41F7FF681ABB10A700CA7390 /* LaunchScreen.xib in Resources */ = {isa = PBXBuildFile; fileRef = 41F7FF661ABB10A700CA7390 /* LaunchScreen.xib */; };
		41F7FF741ABB10A700CA7390 /* ZazoTestTests.m in Sources */ = {isa = PBXBuildFile; fileRef = 41F7FF731ABB10A700CA7390 /* ZazoTestTests.m */; };
		41F7FF811ABB146F00CA7390 /* ZTVideoRecorderView.m in Sources */ = {isa = PBXBuildFile; fileRef = 41F7FF801ABB146F00CA7390 /* ZTVideoRecorderView.m */; };
		41F7FF841ABB14C000CA7390 /* ZTCameraPreviewView.m in Sources */ = {isa = PBXBuildFile; fileRef = 41F7FF831ABB14C000CA7390 /* ZTCameraPreviewView.m */; };
		41F7FF881ABB189C00CA7390 /* ZTVideoUtils.m in Sources */ = {isa = PBXBuildFile; fileRef = 41F7FF871ABB189C00CA7390 /* ZTVideoUtils.m */; };
/* End PBXBuildFile section */

/* Begin PBXContainerItemProxy section */
		41F7FF6E1ABB10A700CA7390 /* PBXContainerItemProxy */ = {
			isa = PBXContainerItemProxy;
			containerPortal = 41F7FF4C1ABB10A700CA7390 /* Project object */;
			proxyType = 1;
			remoteGlobalIDString = 41F7FF531ABB10A700CA7390;
			remoteInfo = ZazoTest;
		};
/* End PBXContainerItemProxy section */

/* Begin PBXFileReference section */
		4101F5041ABC688000CC31DD /* ZTRecordingFrameView.h */ = {isa = PBXFileReference; fileEncoding = 4; lastKnownFileType = sourcecode.c.h; path = ZTRecordingFrameView.h; sourceTree = "<group>"; };
		4101F5051ABC688000CC31DD /* ZTRecordingFrameView.m */ = {isa = PBXFileReference; fileEncoding = 4; lastKnownFileType = sourcecode.c.objc; path = ZTRecordingFrameView.m; sourceTree = "<group>"; };
		410BB4771AC03B8200C05BDD /* AudioSessionRouter.h */ = {isa = PBXFileReference; fileEncoding = 4; lastKnownFileType = sourcecode.c.h; path = AudioSessionRouter.h; sourceTree = "<group>"; };
		410BB4781AC03B8200C05BDD /* AudioSessionRouter.m */ = {isa = PBXFileReference; fileEncoding = 4; lastKnownFileType = sourcecode.c.objc; path = AudioSessionRouter.m; sourceTree = "<group>"; };
		410BB47A1AC03BA300C05BDD /* AudioToolbox.framework */ = {isa = PBXFileReference; lastKnownFileType = wrapper.framework; name = AudioToolbox.framework; path = System/Library/Frameworks/AudioToolbox.framework; sourceTree = SDKROOT; };
		411126351ABB7A2200F3D290 /* AVFoundation.framework */ = {isa = PBXFileReference; lastKnownFileType = wrapper.framework; name = AVFoundation.framework; path = System/Library/Frameworks/AVFoundation.framework; sourceTree = SDKROOT; };
		411126371ABB7A2600F3D290 /* AssetsLibrary.framework */ = {isa = PBXFileReference; lastKnownFileType = wrapper.framework; name = AssetsLibrary.framework; path = System/Library/Frameworks/AssetsLibrary.framework; sourceTree = SDKROOT; };
		41F7FF541ABB10A700CA7390 /* ZazoTest.app */ = {isa = PBXFileReference; explicitFileType = wrapper.application; includeInIndex = 0; path = ZazoTest.app; sourceTree = BUILT_PRODUCTS_DIR; };
		41F7FF581ABB10A700CA7390 /* Info.plist */ = {isa = PBXFileReference; lastKnownFileType = text.plist.xml; path = Info.plist; sourceTree = "<group>"; };
		41F7FF591ABB10A700CA7390 /* main.m */ = {isa = PBXFileReference; lastKnownFileType = sourcecode.c.objc; path = main.m; sourceTree = "<group>"; };
		41F7FF5B1ABB10A700CA7390 /* AppDelegate.h */ = {isa = PBXFileReference; lastKnownFileType = sourcecode.c.h; path = AppDelegate.h; sourceTree = "<group>"; };
		41F7FF5C1ABB10A700CA7390 /* AppDelegate.m */ = {isa = PBXFileReference; lastKnownFileType = sourcecode.c.objc; path = AppDelegate.m; sourceTree = "<group>"; };
		41F7FF5E1ABB10A700CA7390 /* ViewController.h */ = {isa = PBXFileReference; lastKnownFileType = sourcecode.c.h; path = ViewController.h; sourceTree = "<group>"; };
		41F7FF5F1ABB10A700CA7390 /* ViewController.m */ = {isa = PBXFileReference; lastKnownFileType = sourcecode.c.objc; path = ViewController.m; sourceTree = "<group>"; };
		41F7FF621ABB10A700CA7390 /* Base */ = {isa = PBXFileReference; lastKnownFileType = file.storyboard; name = Base; path = Base.lproj/Main.storyboard; sourceTree = "<group>"; };
		41F7FF641ABB10A700CA7390 /* Images.xcassets */ = {isa = PBXFileReference; lastKnownFileType = folder.assetcatalog; path = Images.xcassets; sourceTree = "<group>"; };
		41F7FF671ABB10A700CA7390 /* Base */ = {isa = PBXFileReference; lastKnownFileType = file.xib; name = Base; path = Base.lproj/LaunchScreen.xib; sourceTree = "<group>"; };
		41F7FF6D1ABB10A700CA7390 /* ZazoTestTests.xctest */ = {isa = PBXFileReference; explicitFileType = wrapper.cfbundle; includeInIndex = 0; path = ZazoTestTests.xctest; sourceTree = BUILT_PRODUCTS_DIR; };
		41F7FF721ABB10A700CA7390 /* Info.plist */ = {isa = PBXFileReference; lastKnownFileType = text.plist.xml; path = Info.plist; sourceTree = "<group>"; };
		41F7FF731ABB10A700CA7390 /* ZazoTestTests.m */ = {isa = PBXFileReference; lastKnownFileType = sourcecode.c.objc; path = ZazoTestTests.m; sourceTree = "<group>"; };
		41F7FF7F1ABB146F00CA7390 /* ZTVideoRecorderView.h */ = {isa = PBXFileReference; fileEncoding = 4; lastKnownFileType = sourcecode.c.h; path = ZTVideoRecorderView.h; sourceTree = "<group>"; };
		41F7FF801ABB146F00CA7390 /* ZTVideoRecorderView.m */ = {isa = PBXFileReference; fileEncoding = 4; lastKnownFileType = sourcecode.c.objc; path = ZTVideoRecorderView.m; sourceTree = "<group>"; };
		41F7FF821ABB14C000CA7390 /* ZTCameraPreviewView.h */ = {isa = PBXFileReference; fileEncoding = 4; lastKnownFileType = sourcecode.c.h; path = ZTCameraPreviewView.h; sourceTree = "<group>"; };
		41F7FF831ABB14C000CA7390 /* ZTCameraPreviewView.m */ = {isa = PBXFileReference; fileEncoding = 4; lastKnownFileType = sourcecode.c.objc; path = ZTCameraPreviewView.m; sourceTree = "<group>"; };
		41F7FF861ABB189C00CA7390 /* ZTVideoUtils.h */ = {isa = PBXFileReference; fileEncoding = 4; lastKnownFileType = sourcecode.c.h; path = ZTVideoUtils.h; sourceTree = "<group>"; };
		41F7FF871ABB189C00CA7390 /* ZTVideoUtils.m */ = {isa = PBXFileReference; fileEncoding = 4; lastKnownFileType = sourcecode.c.objc; path = ZTVideoUtils.m; sourceTree = "<group>"; };
/* End PBXFileReference section */

/* Begin PBXFrameworksBuildPhase section */
		41F7FF511ABB10A700CA7390 /* Frameworks */ = {
			isa = PBXFrameworksBuildPhase;
			buildActionMask = 2147483647;
			files = (
				410BB47B1AC03BA300C05BDD /* AudioToolbox.framework in Frameworks */,
				411126381ABB7A2600F3D290 /* AssetsLibrary.framework in Frameworks */,
				411126361ABB7A2200F3D290 /* AVFoundation.framework in Frameworks */,
			);
			runOnlyForDeploymentPostprocessing = 0;
		};
		41F7FF6A1ABB10A700CA7390 /* Frameworks */ = {
			isa = PBXFrameworksBuildPhase;
			buildActionMask = 2147483647;
			files = (
			);
			runOnlyForDeploymentPostprocessing = 0;
		};
/* End PBXFrameworksBuildPhase section */

/* Begin PBXGroup section */
		41F7FF4B1ABB10A700CA7390 = {
			isa = PBXGroup;
			children = (
				410BB47A1AC03BA300C05BDD /* AudioToolbox.framework */,
				411126371ABB7A2600F3D290 /* AssetsLibrary.framework */,
				411126351ABB7A2200F3D290 /* AVFoundation.framework */,
				41F7FF561ABB10A700CA7390 /* ZazoTest */,
				41F7FF701ABB10A700CA7390 /* ZazoTestTests */,
				41F7FF551ABB10A700CA7390 /* Products */,
			);
			sourceTree = "<group>";
		};
		41F7FF551ABB10A700CA7390 /* Products */ = {
			isa = PBXGroup;
			children = (
				41F7FF541ABB10A700CA7390 /* ZazoTest.app */,
				41F7FF6D1ABB10A700CA7390 /* ZazoTestTests.xctest */,
			);
			name = Products;
			sourceTree = "<group>";
		};
		41F7FF561ABB10A700CA7390 /* ZazoTest */ = {
			isa = PBXGroup;
			children = (
				41F7FF851ABB187700CA7390 /* Utils */,
				41F7FF7E1ABB126F00CA7390 /* VideoRecorderView */,
				41F7FF7D1ABB125C00CA7390 /* CameraPreviewView */,
				41F7FF5B1ABB10A700CA7390 /* AppDelegate.h */,
				41F7FF5C1ABB10A700CA7390 /* AppDelegate.m */,
				41F7FF5E1ABB10A700CA7390 /* ViewController.h */,
				41F7FF5F1ABB10A700CA7390 /* ViewController.m */,
				41F7FF611ABB10A700CA7390 /* Main.storyboard */,
				41F7FF641ABB10A700CA7390 /* Images.xcassets */,
				41F7FF661ABB10A700CA7390 /* LaunchScreen.xib */,
				41F7FF571ABB10A700CA7390 /* Supporting Files */,
			);
			path = ZazoTest;
			sourceTree = "<group>";
		};
		41F7FF571ABB10A700CA7390 /* Supporting Files */ = {
			isa = PBXGroup;
			children = (
				41F7FF581ABB10A700CA7390 /* Info.plist */,
				41F7FF591ABB10A700CA7390 /* main.m */,
			);
			name = "Supporting Files";
			sourceTree = "<group>";
		};
		41F7FF701ABB10A700CA7390 /* ZazoTestTests */ = {
			isa = PBXGroup;
			children = (
				41F7FF731ABB10A700CA7390 /* ZazoTestTests.m */,
				41F7FF711ABB10A700CA7390 /* Supporting Files */,
			);
			path = ZazoTestTests;
			sourceTree = "<group>";
		};
		41F7FF711ABB10A700CA7390 /* Supporting Files */ = {
			isa = PBXGroup;
			children = (
				41F7FF721ABB10A700CA7390 /* Info.plist */,
			);
			name = "Supporting Files";
			sourceTree = "<group>";
		};
		41F7FF7D1ABB125C00CA7390 /* CameraPreviewView */ = {
			isa = PBXGroup;
			children = (
				41F7FF821ABB14C000CA7390 /* ZTCameraPreviewView.h */,
				41F7FF831ABB14C000CA7390 /* ZTCameraPreviewView.m */,
				4101F5041ABC688000CC31DD /* ZTRecordingFrameView.h */,
				4101F5051ABC688000CC31DD /* ZTRecordingFrameView.m */,
			);
			path = CameraPreviewView;
			sourceTree = "<group>";
		};
		41F7FF7E1ABB126F00CA7390 /* VideoRecorderView */ = {
			isa = PBXGroup;
			children = (
				41F7FF7F1ABB146F00CA7390 /* ZTVideoRecorderView.h */,
				41F7FF801ABB146F00CA7390 /* ZTVideoRecorderView.m */,
			);
			path = VideoRecorderView;
			sourceTree = "<group>";
		};
		41F7FF851ABB187700CA7390 /* Utils */ = {
			isa = PBXGroup;
			children = (
				41F7FF861ABB189C00CA7390 /* ZTVideoUtils.h */,
				41F7FF871ABB189C00CA7390 /* ZTVideoUtils.m */,
				410BB4771AC03B8200C05BDD /* AudioSessionRouter.h */,
				410BB4781AC03B8200C05BDD /* AudioSessionRouter.m */,
			);
			path = Utils;
			sourceTree = "<group>";
		};
/* End PBXGroup section */

/* Begin PBXNativeTarget section */
		41F7FF531ABB10A700CA7390 /* ZazoTest */ = {
			isa = PBXNativeTarget;
			buildConfigurationList = 41F7FF771ABB10A700CA7390 /* Build configuration list for PBXNativeTarget "ZazoTest" */;
			buildPhases = (
				41F7FF501ABB10A700CA7390 /* Sources */,
				41F7FF511ABB10A700CA7390 /* Frameworks */,
				41F7FF521ABB10A700CA7390 /* Resources */,
			);
			buildRules = (
			);
			dependencies = (
			);
			name = ZazoTest;
			productName = ZazoTest;
			productReference = 41F7FF541ABB10A700CA7390 /* ZazoTest.app */;
			productType = "com.apple.product-type.application";
		};
		41F7FF6C1ABB10A700CA7390 /* ZazoTestTests */ = {
			isa = PBXNativeTarget;
			buildConfigurationList = 41F7FF7A1ABB10A700CA7390 /* Build configuration list for PBXNativeTarget "ZazoTestTests" */;
			buildPhases = (
				41F7FF691ABB10A700CA7390 /* Sources */,
				41F7FF6A1ABB10A700CA7390 /* Frameworks */,
				41F7FF6B1ABB10A700CA7390 /* Resources */,
			);
			buildRules = (
			);
			dependencies = (
				41F7FF6F1ABB10A700CA7390 /* PBXTargetDependency */,
			);
			name = ZazoTestTests;
			productName = ZazoTestTests;
			productReference = 41F7FF6D1ABB10A700CA7390 /* ZazoTestTests.xctest */;
			productType = "com.apple.product-type.bundle.unit-test";
		};
/* End PBXNativeTarget section */

/* Begin PBXProject section */
		41F7FF4C1ABB10A700CA7390 /* Project object */ = {
			isa = PBXProject;
			attributes = {
				LastUpgradeCheck = 0620;
				ORGANIZATIONNAME = "Seductive LLC";
				TargetAttributes = {
					41F7FF531ABB10A700CA7390 = {
						CreatedOnToolsVersion = 6.2;
						DevelopmentTeam = 44QNY7YAFQ;
					};
					41F7FF6C1ABB10A700CA7390 = {
						CreatedOnToolsVersion = 6.2;
						TestTargetID = 41F7FF531ABB10A700CA7390;
					};
				};
			};
			buildConfigurationList = 41F7FF4F1ABB10A700CA7390 /* Build configuration list for PBXProject "ZazoTest" */;
			compatibilityVersion = "Xcode 3.2";
			developmentRegion = English;
			hasScannedForEncodings = 0;
			knownRegions = (
				en,
				Base,
			);
			mainGroup = 41F7FF4B1ABB10A700CA7390;
			productRefGroup = 41F7FF551ABB10A700CA7390 /* Products */;
			projectDirPath = "";
			projectRoot = "";
			targets = (
				41F7FF531ABB10A700CA7390 /* ZazoTest */,
				41F7FF6C1ABB10A700CA7390 /* ZazoTestTests */,
			);
		};
/* End PBXProject section */

/* Begin PBXResourcesBuildPhase section */
		41F7FF521ABB10A700CA7390 /* Resources */ = {
			isa = PBXResourcesBuildPhase;
			buildActionMask = 2147483647;
			files = (
				41F7FF631ABB10A700CA7390 /* Main.storyboard in Resources */,
				41F7FF681ABB10A700CA7390 /* LaunchScreen.xib in Resources */,
				41F7FF651ABB10A700CA7390 /* Images.xcassets in Resources */,
			);
			runOnlyForDeploymentPostprocessing = 0;
		};
		41F7FF6B1ABB10A700CA7390 /* Resources */ = {
			isa = PBXResourcesBuildPhase;
			buildActionMask = 2147483647;
			files = (
			);
			runOnlyForDeploymentPostprocessing = 0;
		};
/* End PBXResourcesBuildPhase section */

/* Begin PBXSourcesBuildPhase section */
		41F7FF501ABB10A700CA7390 /* Sources */ = {
			isa = PBXSourcesBuildPhase;
			buildActionMask = 2147483647;
			files = (
				41F7FF601ABB10A700CA7390 /* ViewController.m in Sources */,
				4101F5061ABC688000CC31DD /* ZTRecordingFrameView.m in Sources */,
				41F7FF881ABB189C00CA7390 /* ZTVideoUtils.m in Sources */,
				41F7FF5D1ABB10A700CA7390 /* AppDelegate.m in Sources */,
				41F7FF811ABB146F00CA7390 /* ZTVideoRecorderView.m in Sources */,
				41F7FF841ABB14C000CA7390 /* ZTCameraPreviewView.m in Sources */,
				410BB4791AC03B8200C05BDD /* AudioSessionRouter.m in Sources */,
				41F7FF5A1ABB10A700CA7390 /* main.m in Sources */,
			);
			runOnlyForDeploymentPostprocessing = 0;
		};
		41F7FF691ABB10A700CA7390 /* Sources */ = {
			isa = PBXSourcesBuildPhase;
			buildActionMask = 2147483647;
			files = (
				41F7FF741ABB10A700CA7390 /* ZazoTestTests.m in Sources */,
			);
			runOnlyForDeploymentPostprocessing = 0;
		};
/* End PBXSourcesBuildPhase section */

/* Begin PBXTargetDependency section */
		41F7FF6F1ABB10A700CA7390 /* PBXTargetDependency */ = {
			isa = PBXTargetDependency;
			target = 41F7FF531ABB10A700CA7390 /* ZazoTest */;
			targetProxy = 41F7FF6E1ABB10A700CA7390 /* PBXContainerItemProxy */;
		};
/* End PBXTargetDependency section */

/* Begin PBXVariantGroup section */
		41F7FF611ABB10A700CA7390 /* Main.storyboard */ = {
			isa = PBXVariantGroup;
			children = (
				41F7FF621ABB10A700CA7390 /* Base */,
			);
			name = Main.storyboard;
			sourceTree = "<group>";
		};
		41F7FF661ABB10A700CA7390 /* LaunchScreen.xib */ = {
			isa = PBXVariantGroup;
			children = (
				41F7FF671ABB10A700CA7390 /* Base */,
			);
			name = LaunchScreen.xib;
			sourceTree = "<group>";
		};
/* End PBXVariantGroup section */

/* Begin XCBuildConfiguration section */
		41F7FF751ABB10A700CA7390 /* Debug */ = {
			isa = XCBuildConfiguration;
			buildSettings = {
				ALWAYS_SEARCH_USER_PATHS = NO;
				CLANG_CXX_LANGUAGE_STANDARD = "gnu++0x";
				CLANG_CXX_LIBRARY = "libc++";
				CLANG_ENABLE_MODULES = YES;
				CLANG_ENABLE_OBJC_ARC = YES;
				CLANG_WARN_BOOL_CONVERSION = YES;
				CLANG_WARN_CONSTANT_CONVERSION = YES;
				CLANG_WARN_DIRECT_OBJC_ISA_USAGE = YES_ERROR;
				CLANG_WARN_EMPTY_BODY = YES;
				CLANG_WARN_ENUM_CONVERSION = YES;
				CLANG_WARN_INT_CONVERSION = YES;
				CLANG_WARN_OBJC_ROOT_CLASS = YES_ERROR;
				CLANG_WARN_UNREACHABLE_CODE = YES;
				CLANG_WARN__DUPLICATE_METHOD_MATCH = YES;
				"CODE_SIGN_IDENTITY[sdk=iphoneos*]" = "iPhone Developer";
				COPY_PHASE_STRIP = NO;
				ENABLE_STRICT_OBJC_MSGSEND = YES;
				GCC_C_LANGUAGE_STANDARD = gnu99;
				GCC_DYNAMIC_NO_PIC = NO;
				GCC_OPTIMIZATION_LEVEL = 0;
				GCC_PREPROCESSOR_DEFINITIONS = (
					"DEBUG=1",
					"$(inherited)",
				);
				GCC_SYMBOLS_PRIVATE_EXTERN = NO;
				GCC_WARN_64_TO_32_BIT_CONVERSION = YES;
				GCC_WARN_ABOUT_RETURN_TYPE = YES_ERROR;
				GCC_WARN_UNDECLARED_SELECTOR = YES;
				GCC_WARN_UNINITIALIZED_AUTOS = YES_AGGRESSIVE;
				GCC_WARN_UNUSED_FUNCTION = YES;
				GCC_WARN_UNUSED_VARIABLE = YES;
				IPHONEOS_DEPLOYMENT_TARGET = 8.2;
				MTL_ENABLE_DEBUG_INFO = YES;
				ONLY_ACTIVE_ARCH = YES;
				SDKROOT = iphoneos;
				TARGETED_DEVICE_FAMILY = "1,2";
			};
			name = Debug;
		};
		41F7FF761ABB10A700CA7390 /* Release */ = {
			isa = XCBuildConfiguration;
			buildSettings = {
				ALWAYS_SEARCH_USER_PATHS = NO;
				CLANG_CXX_LANGUAGE_STANDARD = "gnu++0x";
				CLANG_CXX_LIBRARY = "libc++";
				CLANG_ENABLE_MODULES = YES;
				CLANG_ENABLE_OBJC_ARC = YES;
				CLANG_WARN_BOOL_CONVERSION = YES;
				CLANG_WARN_CONSTANT_CONVERSION = YES;
				CLANG_WARN_DIRECT_OBJC_ISA_USAGE = YES_ERROR;
				CLANG_WARN_EMPTY_BODY = YES;
				CLANG_WARN_ENUM_CONVERSION = YES;
				CLANG_WARN_INT_CONVERSION = YES;
				CLANG_WARN_OBJC_ROOT_CLASS = YES_ERROR;
				CLANG_WARN_UNREACHABLE_CODE = YES;
				CLANG_WARN__DUPLICATE_METHOD_MATCH = YES;
				"CODE_SIGN_IDENTITY[sdk=iphoneos*]" = "iPhone Developer";
				COPY_PHASE_STRIP = NO;
				ENABLE_NS_ASSERTIONS = NO;
				ENABLE_STRICT_OBJC_MSGSEND = YES;
				GCC_C_LANGUAGE_STANDARD = gnu99;
				GCC_WARN_64_TO_32_BIT_CONVERSION = YES;
				GCC_WARN_ABOUT_RETURN_TYPE = YES_ERROR;
				GCC_WARN_UNDECLARED_SELECTOR = YES;
				GCC_WARN_UNINITIALIZED_AUTOS = YES_AGGRESSIVE;
				GCC_WARN_UNUSED_FUNCTION = YES;
				GCC_WARN_UNUSED_VARIABLE = YES;
				IPHONEOS_DEPLOYMENT_TARGET = 8.2;
				MTL_ENABLE_DEBUG_INFO = NO;
				SDKROOT = iphoneos;
				TARGETED_DEVICE_FAMILY = "1,2";
				VALIDATE_PRODUCT = YES;
			};
			name = Release;
		};
		41F7FF781ABB10A700CA7390 /* Debug */ = {
			isa = XCBuildConfiguration;
			buildSettings = {
				ASSETCATALOG_COMPILER_APPICON_NAME = AppIcon;
				INFOPLIST_FILE = ZazoTest/Info.plist;
				IPHONEOS_DEPLOYMENT_TARGET = 7.1;
				LD_RUNPATH_SEARCH_PATHS = "$(inherited) @executable_path/Frameworks";
				PRODUCT_NAME = "$(TARGET_NAME)";
				TARGETED_DEVICE_FAMILY = "1,2";
			};
			name = Debug;
		};
		41F7FF791ABB10A700CA7390 /* Release */ = {
			isa = XCBuildConfiguration;
			buildSettings = {
				ASSETCATALOG_COMPILER_APPICON_NAME = AppIcon;
				INFOPLIST_FILE = ZazoTest/Info.plist;
				IPHONEOS_DEPLOYMENT_TARGET = 7.1;
				LD_RUNPATH_SEARCH_PATHS = "$(inherited) @executable_path/Frameworks";
				PRODUCT_NAME = "$(TARGET_NAME)";
				TARGETED_DEVICE_FAMILY = "1,2";
			};
			name = Release;
		};
		41F7FF7B1ABB10A700CA7390 /* Debug */ = {
			isa = XCBuildConfiguration;
			buildSettings = {
				BUNDLE_LOADER = "$(TEST_HOST)";
				FRAMEWORK_SEARCH_PATHS = (
					"$(SDKROOT)/Developer/Library/Frameworks",
					"$(inherited)",
				);
				GCC_PREPROCESSOR_DEFINITIONS = (
					"DEBUG=1",
					"$(inherited)",
				);
				INFOPLIST_FILE = ZazoTestTests/Info.plist;
				LD_RUNPATH_SEARCH_PATHS = "$(inherited) @executable_path/Frameworks @loader_path/Frameworks";
				PRODUCT_NAME = "$(TARGET_NAME)";
				TEST_HOST = "$(BUILT_PRODUCTS_DIR)/ZazoTest.app/ZazoTest";
			};
			name = Debug;
		};
		41F7FF7C1ABB10A700CA7390 /* Release */ = {
			isa = XCBuildConfiguration;
			buildSettings = {
				BUNDLE_LOADER = "$(TEST_HOST)";
				FRAMEWORK_SEARCH_PATHS = (
					"$(SDKROOT)/Developer/Library/Frameworks",
					"$(inherited)",
				);
				INFOPLIST_FILE = ZazoTestTests/Info.plist;
				LD_RUNPATH_SEARCH_PATHS = "$(inherited) @executable_path/Frameworks @loader_path/Frameworks";
				PRODUCT_NAME = "$(TARGET_NAME)";
				TEST_HOST = "$(BUILT_PRODUCTS_DIR)/ZazoTest.app/ZazoTest";
			};
			name = Release;
		};
/* End XCBuildConfiguration section */

/* Begin XCConfigurationList section */
		41F7FF4F1ABB10A700CA7390 /* Build configuration list for PBXProject "ZazoTest" */ = {
			isa = XCConfigurationList;
			buildConfigurations = (
				41F7FF751ABB10A700CA7390 /* Debug */,
				41F7FF761ABB10A700CA7390 /* Release */,
			);
			defaultConfigurationIsVisible = 0;
			defaultConfigurationName = Release;
		};
		41F7FF771ABB10A700CA7390 /* Build configuration list for PBXNativeTarget "ZazoTest" */ = {
			isa = XCConfigurationList;
			buildConfigurations = (
				41F7FF781ABB10A700CA7390 /* Debug */,
				41F7FF791ABB10A700CA7390 /* Release */,
			);
			defaultConfigurationIsVisible = 0;
			defaultConfigurationName = Release;
		};
		41F7FF7A1ABB10A700CA7390 /* Build configuration list for PBXNativeTarget "ZazoTestTests" */ = {
			isa = XCConfigurationList;
			buildConfigurations = (
				41F7FF7B1ABB10A700CA7390 /* Debug */,
				41F7FF7C1ABB10A700CA7390 /* Release */,
			);
			defaultConfigurationIsVisible = 0;
			defaultConfigurationName = Release;
		};
/* End XCConfigurationList section */
	};
	rootObject = 41F7FF4C1ABB10A700CA7390 /* Project object */;
}
